# This file is autogenerated, do not edit; changes may be undone by the next 'dep ensure'.


[[projects]]
  name = "github.com/Jeffail/tunny"
  packages = ["."]
  revision = "225d3efa59875afce1610178bc69d5bdaa8509cf"
  version = "0.1.0"

[[projects]]
  name = "github.com/rifflock/lfshook"
  packages = ["."]
  revision = "1fdc019a35147ddbb3d25aedf713ad6d1430c144"
  version = "v2.2"

[[projects]]
  name = "github.com/senlinms/logrus"
  packages = ["."]
  revision = "418b41d23a1bf978c06faea5313ba194650ac088"
  version = "v0.8.7"

[[projects]]
  name = "github.com/sirupsen/logrus"
  packages = ["."]
  revision = "418b41d23a1bf978c06faea5313ba194650ac088"
  version = "v0.8.7"

[[projects]]
  name = "gopkg.in/natefinch/lumberjack.v2"
  packages = ["."]
  revision = "a96e63847dc3c67d17befa69c303767e2f84e54f"
  version = "v2.1"

[solve-meta]
  analyzer-name = "dep"
  analyzer-version = 1
  inputs-digest = "b7234adc1c496a111beec409099dabaac71c0ade3313855dd2354737c0cb806a"
  solver-name = "gps-cdcl"
  solver-version = 1
